lockfileVersion: '6.0'

settings:
  autoInstallPeers: true
  excludeLinksFromLockfile: false

dependencies:
  emoji-store:
    specifier: ^1.0.5
    version: 1.0.5

devDependencies:
  prettier:
    specifier: ^3.0.3
    version: 3.0.3
  typescript:
    specifier: ^5.2.2
    version: 5.2.2
  uglify-js:
    specifier: ^3.17.4
    version: 3.17.4

packages:

  /emoji-store@1.0.5:
    resolution: {integrity: sha512-+esgiSbmhH1CtOn1z1dXZePlRK0IMKYHxGvtgO42vA8/aoGjfguuevonn5nFvRlMogXntVkbkqI1q416JzRjcg==}
    dev: false

  /prettier@3.0.3:
    resolution: {integrity: sha512-L/4pUDMxcNa8R/EthV08Zt42WBO4h1rarVtK0K+QJG0X187OLo7l699jWw0GKuwzkPQ//jMFA/8Xm6Fh3J/DAg==}
    engines: {node: '>=14'}
    hasBin: true
    dev: true

  /typescript@5.2.2:
    resolution: {integrity: sha512-mI4WrpHsbCIcwT9cF4FZvr80QUeKvsUsUvKDoR+X/7XHQH98xYD8YHZg7ANtz2GtZt/CBq2QJ0thkGJMHfqc1w==}
    engines: {node: '>=14.17'}
    hasBin: true
    dev: true

  /uglify-js@3.17.4:
    resolution: {integrity: sha512-T9q82TJI9e/C1TAxYvfb16xO120tMVFZrGA3f9/P4424DNu6ypK103y0GPFVa17yotwSyZW5iYXgjYHkGrJW/g==}
    engines: {node: '>=0.8.0'}
    hasBin: true
    dev: true
